
Microsoft Visual Studio Solution File, Format Version 12.00
# Visual Studio 15
VisualStudioVersion = 15.0.28010.2026
MinimumVisualStudioVersion = 10.0.40219.1
Project("{FAE04EC0-301F-11D3-BF4B-00C04F79EFBC}") = "WordPuzzel.Android", "WordPuzzel\WordPuzzel.Android\WordPuzzel.Android.csproj", "{AE87F066-9AA8-40F3-A85F-9A2E3CECCF61}"
EndProject
Project("{FAE04EC0-301F-11D3-BF4B-00C04F79EFBC}") = "WordPuzzel.iOS", "WordPuzzel\WordPuzzel.iOS\WordPuzzel.iOS.csproj", "{75B48C6E-8767-4605-B668-63ADDE01B277}"
EndProject
Project("{9A19103F-16F7-4668-BE54-9A1E7A4F7556}") = "WordPuzzel", "WordPuzzel\WordPuzzel\WordPuzzel.csproj", "{B44DD7E9-F201-4446-B34B-1D1579DFE88C}"
EndProject
Project("{9A19103F-16F7-4668-BE54-9A1E7A4F7556}") = "DataAccess", "DataAccess\DataAccess.csproj", "{5942E82F-E8A8-4258-BDAB-C954297A20F4}"
EndProject
Global
	GlobalSection(SolutionConfigurationPlatforms) = preSolution
		Ad-Hoc|Any CPU = Ad-Hoc|Any CPU
		Ad-Hoc|iPhone = Ad-Hoc|iPhone
		Ad-Hoc|iPhoneSimulator = Ad-Hoc|iPhoneSimulator
		AppStore|Any CPU = AppStore|Any CPU
		AppStore|iPhone = AppStore|iPhone
		AppStore|iPhoneSimulator = AppStore|iPhoneSimulator
		Debug|Any CPU = Debug|Any CPU
		Debug|iPhone = Debug|iPhone
		Debug|iPhoneSimulator = Debug|iPhoneSimulator
		Release|Any CPU = Release|Any CPU
		Release|iPhone = Release|iPhone
		Release|iPhoneSimulator = Release|iPhoneSimulator
	EndGlobalSection
	GlobalSection(ProjectConfigurationPlatforms) = postSolution
		{AE87F066-9AA8-40F3-A85F-9A2E3CECCF61}.Ad-Hoc|Any CPU.ActiveCfg = Release|Any CPU
		{AE87F066-9AA8-40F3-A85F-9A2E3CECCF61}.Ad-Hoc|Any CPU.Build.0 = Release|Any CPU
		{AE87F066-9AA8-40F3-A85F-9A2E3CECCF61}.Ad-Hoc|Any CPU.Deploy.0 = Release|Any CPU
		{AE87F066-9AA8-40F3-A85F-9A2E3CECCF61}.Ad-Hoc|iPhone.ActiveCfg = Release|Any CPU
		{AE87F066-9AA8-40F3-A85F-9A2E3CECCF61}.Ad-Hoc|iPhone.Build.0 = Release|Any CPU
		{AE87F066-9AA8-40F3-A85F-9A2E3CECCF61}.Ad-Hoc|iPhone.Deploy.0 = Release|Any CPU
		{AE87F066-9AA8-40F3-A85F-9A2E3CECCF61}.Ad-Hoc|iPhoneSimulator.ActiveCfg = Release|Any CPU
		{AE87F066-9AA8-40F3-A85F-9A2E3CECCF61}.Ad-Hoc|iPhoneSimulator.Build.0 = Release|Any CPU
		{AE87F066-9AA8-40F3-A85F-9A2E3CECCF61}.Ad-Hoc|iPhoneSimulator.Deploy.0 = Release|Any CPU
		{AE87F066-9AA8-40F3-A85F-9A2E3CECCF61}.AppStore|Any CPU.ActiveCfg = Release|Any CPU
		{AE87F066-9AA8-40F3-A85F-9A2E3CECCF61}.AppStore|Any CPU.Build.0 = Release|Any CPU
		{AE87F066-9AA8-40F3-A85F-9A2E3CECCF61}.AppStore|Any CPU.Deploy.0 = Release|Any CPU
		{AE87F066-9AA8-40F3-A85F-9A2E3CECCF61}.AppStore|iPhone.ActiveCfg = Release|Any CPU
		{AE87F066-9AA8-40F3-A85F-9A2E3CECCF61}.AppStore|iPhone.Build.0 = Release|Any CPU
		{AE87F066-9AA8-40F3-A85F-9A2E3CECCF61}.AppStore|iPhone.Deploy.0 = Release|Any CPU
		{AE87F066-9AA8-40F3-A85F-9A2E3CECCF61}.AppStore|iPhoneSimulator.ActiveCfg = Release|Any CPU
		{AE87F066-9AA8-40F3-A85F-9A2E3CECCF61}.AppStore|iPhoneSimulator.Build.0 = Release|Any CPU
		{AE87F066-9AA8-40F3-A85F-9A2E3CECCF61}.AppStore|iPhoneSimulator.Deploy.0 = Release|Any CPU
		{AE87F066-9AA8-40F3-A85F-9A2E3CECCF61}.Debug|Any CPU.ActiveCfg = Debug|Any CPU
		{AE87F066-9AA8-40F3-A85F-9A2E3CECCF61}.Debug|Any CPU.Build.0 = Debug|Any CPU
		{AE87F066-9AA8-40F3-A85F-9A2E3CECCF61}.Debug|Any CPU.Deploy.0 = Debug|Any CPU
		{AE87F066-9AA8-40F3-A85F-9A2E3CECCF61}.Debug|iPhone.ActiveCfg = Debug|Any CPU
		{AE87F066-9AA8-40F3-A85F-9A2E3CECCF61}.Debug|iPhone.Build.0 = Debug|Any CPU
		{AE87F066-9AA8-40F3-A85F-9A2E3CECCF61}.Debug|iPhone.Deploy.0 = Debug|Any CPU
		{AE87F066-9AA8-40F3-A85F-9A2E3CECCF61}.Debug|iPhoneSimulator.ActiveCfg = Debug|Any CPU
		{AE87F066-9AA8-40F3-A85F-9A2E3CECCF61}.Debug|iPhoneSimulator.Build.0 = Debug|Any CPU
		{AE87F066-9AA8-40F3-A85F-9A2E3CECCF61}.Debug|iPhoneSimulator.Deploy.0 = Debug|Any CPU
		{AE87F066-9AA8-40F3-A85F-9A2E3CECCF61}.Release|Any CPU.ActiveCfg = Release|Any CPU
		{AE87F066-9AA8-40F3-A85F-9A2E3CECCF61}.Release|Any CPU.Build.0 = Release|Any CPU
		{AE87F066-9AA8-40F3-A85F-9A2E3CECCF61}.Release|Any CPU.Deploy.0 = Release|Any CPU
		{AE87F066-9AA8-40F3-A85F-9A2E3CECCF61}.Release|iPhone.ActiveCfg = Release|Any CPU
		{AE87F066-9AA8-40F3-A85F-9A2E3CECCF61}.Release|iPhone.Build.0 = Release|Any CPU
		{AE87F066-9AA8-40F3-A85F-9A2E3CECCF61}.Release|iPhone.Deploy.0 = Release|Any CPU
		{AE87F066-9AA8-40F3-A85F-9A2E3CECCF61}.Release|iPhoneSimulator.ActiveCfg = Release|Any CPU
		{AE87F066-9AA8-40F3-A85F-9A2E3CECCF61}.Release|iPhoneSimulator.Build.0 = Release|Any CPU
		{AE87F066-9AA8-40F3-A85F-9A2E3CECCF61}.Release|iPhoneSimulator.Deploy.0 = Release|Any CPU
		{75B48C6E-8767-4605-B668-63ADDE01B277}.Ad-Hoc|Any CPU.ActiveCfg = Ad-Hoc|iPhone
		{75B48C6E-8767-4605-B668-63ADDE01B277}.Ad-Hoc|Any CPU.Build.0 = Ad-Hoc|iPhone
		{75B48C6E-8767-4605-B668-63ADDE01B277}.Ad-Hoc|Any CPU.Deploy.0 = Ad-Hoc|iPhone
		{75B48C6E-8767-4605-B668-63ADDE01B277}.Ad-Hoc|iPhone.ActiveCfg = Ad-Hoc|iPhone
		{75B48C6E-8767-4605-B668-63ADDE01B277}.Ad-Hoc|iPhone.Build.0 = Ad-Hoc|iPhone
		{75B48C6E-8767-4605-B668-63ADDE01B277}.Ad-Hoc|iPhone.Deploy.0 = Ad-Hoc|iPhone
		{75B48C6E-8767-4605-B668-63ADDE01B277}.Ad-Hoc|iPhoneSimulator.ActiveCfg = Ad-Hoc|iPhoneSimulator
		{75B48C6E-8767-4605-B668-63ADDE01B277}.Ad-Hoc|iPhoneSimulator.Build.0 = Ad-Hoc|iPhoneSimulator
		{75B48C6E-8767-4605-B668-63ADDE01B277}.Ad-Hoc|iPhoneSimulator.Deploy.0 = Ad-Hoc|iPhoneSimulator
		{75B48C6E-8767-4605-B668-63ADDE01B277}.AppStore|Any CPU.ActiveCfg = AppStore|iPhone
		{75B48C6E-8767-4605-B668-63ADDE01B277}.AppStore|Any CPU.Build.0 = AppStore|iPhone
		{75B48C6E-8767-4605-B668-63ADDE01B277}.AppStore|Any CPU.Deploy.0 = AppStore|iPhone
		{75B48C6E-8767-4605-B668-63ADDE01B277}.AppStore|iPhone.ActiveCfg = AppStore|iPhone
		{75B48C6E-8767-4605-B668-63ADDE01B277}.AppStore|iPhone.Build.0 = AppStore|iPhone
		{75B48C6E-8767-4605-B668-63ADDE01B277}.AppStore|iPhone.Deploy.0 = AppStore|iPhone
		{75B48C6E-8767-4605-B668-63ADDE01B277}.AppStore|iPhoneSimulator.ActiveCfg = AppStore|iPhoneSimulator
		{75B48C6E-8767-4605-B668-63ADDE01B277}.AppStore|iPhoneSimulator.Build.0 = AppStore|iPhoneSimulator
		{75B48C6E-8767-4605-B668-63ADDE01B277}.AppStore|iPhoneSimulator.Deploy.0 = AppStore|iPhoneSimulator
		{75B48C6E-8767-4605-B668-63ADDE01B277}.Debug|Any CPU.ActiveCfg = Debug|iPhoneSimulator
		{75B48C6E-8767-4605-B668-63ADDE01B277}.Debug|Any CPU.Build.0 = Debug|iPhoneSimulator
		{75B48C6E-8767-4605-B668-63ADDE01B277}.Debug|Any CPU.Deploy.0 = Debug|iPhoneSimulator
		{75B48C6E-8767-4605-B668-63ADDE01B277}.Debug|iPhone.ActiveCfg = Debug|iPhone
		{75B48C6E-8767-4605-B668-63ADDE01B277}.Debug|iPhone.Build.0 = Debug|iPhone
		{75B48C6E-8767-4605-B668-63ADDE01B277}.Debug|iPhone.Deploy.0 = Debug|iPhone
		{75B48C6E-8767-4605-B668-63ADDE01B277}.Debug|iPhoneSimulator.ActiveCfg = Debug|iPhoneSimulator
		{75B48C6E-8767-4605-B668-63ADDE01B277}.Debug|iPhoneSimulator.Build.0 = Debug|iPhoneSimulator
		{75B48C6E-8767-4605-B668-63ADDE01B277}.Debug|iPhoneSimulator.Deploy.0 = Debug|iPhoneSimulator
		{75B48C6E-8767-4605-B668-63ADDE01B277}.Release|Any CPU.ActiveCfg = Release|iPhone
		{75B48C6E-8767-4605-B668-63ADDE01B277}.Release|Any CPU.Build.0 = Release|iPhone
		{75B48C6E-8767-4605-B668-63ADDE01B277}.Release|Any CPU.Deploy.0 = Release|iPhone
		{75B48C6E-8767-4605-B668-63ADDE01B277}.Release|iPhone.ActiveCfg = Release|iPhone
		{75B48C6E-8767-4605-B668-63ADDE01B277}.Release|iPhone.Build.0 = Release|iPhone
		{75B48C6E-8767-4605-B668-63ADDE01B277}.Release|iPhone.Deploy.0 = Release|iPhone
		{75B48C6E-8767-4605-B668-63ADDE01B277}.Release|iPhoneSimulator.ActiveCfg = Release|iPhoneSimulator
		{75B48C6E-8767-4605-B668-63ADDE01B277}.Release|iPhoneSimulator.Build.0 = Release|iPhoneSimulator
		{75B48C6E-8767-4605-B668-63ADDE01B277}.Release|iPhoneSimulator.Deploy.0 = Release|iPhoneSimulator
		{B44DD7E9-F201-4446-B34B-1D1579DFE88C}.Ad-Hoc|Any CPU.ActiveCfg = Debug|Any CPU
		{B44DD7E9-F201-4446-B34B-1D1579DFE88C}.Ad-Hoc|Any CPU.Build.0 = Debug|Any CPU
		{B44DD7E9-F201-4446-B34B-1D1579DFE88C}.Ad-Hoc|Any CPU.Deploy.0 = Debug|Any CPU
		{B44DD7E9-F201-4446-B34B-1D1579DFE88C}.Ad-Hoc|iPhone.ActiveCfg = Debug|Any CPU
		{B44DD7E9-F201-4446-B34B-1D1579DFE88C}.Ad-Hoc|iPhone.Build.0 = Debug|Any CPU
		{B44DD7E9-F201-4446-B34B-1D1579DFE88C}.Ad-Hoc|iPhone.Deploy.0 = Debug|Any CPU
		{B44DD7E9-F201-4446-B34B-1D1579DFE88C}.Ad-Hoc|iPhoneSimulator.ActiveCfg = Debug|Any CPU
		{B44DD7E9-F201-4446-B34B-1D1579DFE88C}.Ad-Hoc|iPhoneSimulator.Build.0 = Debug|Any CPU
		{B44DD7E9-F201-4446-B34B-1D1579DFE88C}.Ad-Hoc|iPhoneSimulator.Deploy.0 = Debug|Any CPU
		{B44DD7E9-F201-4446-B34B-1D1579DFE88C}.AppStore|Any CPU.ActiveCfg = Debug|Any CPU
		{B44DD7E9-F201-4446-B34B-1D1579DFE88C}.AppStore|Any CPU.Build.0 = Debug|Any CPU
		{B44DD7E9-F201-4446-B34B-1D1579DFE88C}.AppStore|Any CPU.Deploy.0 = Debug|Any CPU
		{B44DD7E9-F201-4446-B34B-1D1579DFE88C}.AppStore|iPhone.ActiveCfg = Debug|Any CPU
		{B44DD7E9-F201-4446-B34B-1D1579DFE88C}.AppStore|iPhone.Build.0 = Debug|Any CPU
		{B44DD7E9-F201-4446-B34B-1D1579DFE88C}.AppStore|iPhone.Deploy.0 = Debug|Any CPU
		{B44DD7E9-F201-4446-B34B-1D1579DFE88C}.AppStore|iPhoneSimulator.ActiveCfg = Debug|Any CPU
		{B44DD7E9-F201-4446-B34B-1D1579DFE88C}.AppStore|iPhoneSimulator.Build.0 = Debug|Any CPU
		{B44DD7E9-F201-4446-B34B-1D1579DFE88C}.AppStore|iPhoneSimulator.Deploy.0 = Debug|Any CPU
		{B44DD7E9-F201-4446-B34B-1D1579DFE88C}.Debug|Any CPU.ActiveCfg = Debug|Any CPU
		{B44DD7E9-F201-4446-B34B-1D1579DFE88C}.Debug|Any CPU.Build.0 = Debug|Any CPU
		{B44DD7E9-F201-4446-B34B-1D1579DFE88C}.Debug|Any CPU.Deploy.0 = Debug|Any CPU
		{B44DD7E9-F201-4446-B34B-1D1579DFE88C}.Debug|iPhone.ActiveCfg = Debug|Any CPU
		{B44DD7E9-F201-4446-B34B-1D1579DFE88C}.Debug|iPhone.Build.0 = Debug|Any CPU
		{B44DD7E9-F201-4446-B34B-1D1579DFE88C}.Debug|iPhone.Deploy.0 = Debug|Any CPU
		{B44DD7E9-F201-4446-B34B-1D1579DFE88C}.Debug|iPhoneSimulator.ActiveCfg = Debug|Any CPU
		{B44DD7E9-F201-4446-B34B-1D1579DFE88C}.Debug|iPhoneSimulator.Build.0 = Debug|Any CPU
		{B44DD7E9-F201-4446-B34B-1D1579DFE88C}.Debug|iPhoneSimulator.Deploy.0 = Debug|Any CPU
		{B44DD7E9-F201-4446-B34B-1D1579DFE88C}.Release|Any CPU.ActiveCfg = Release|Any CPU
		{B44DD7E9-F201-4446-B34B-1D1579DFE88C}.Release|Any CPU.Build.0 = Release|Any CPU
		{B44DD7E9-F201-4446-B34B-1D1579DFE88C}.Release|Any CPU.Deploy.0 = Release|Any CPU
		{B44DD7E9-F201-4446-B34B-1D1579DFE88C}.Release|iPhone.ActiveCfg = Release|Any CPU
		{B44DD7E9-F201-4446-B34B-1D1579DFE88C}.Release|iPhone.Build.0 = Release|Any CPU
		{B44DD7E9-F201-4446-B34B-1D1579DFE88C}.Release|iPhone.Deploy.0 = Release|Any CPU
		{B44DD7E9-F201-4446-B34B-1D1579DFE88C}.Release|iPhoneSimulator.ActiveCfg = Release|Any CPU
		{B44DD7E9-F201-4446-B34B-1D1579DFE88C}.Release|iPhoneSimulator.Build.0 = Release|Any CPU
		{B44DD7E9-F201-4446-B34B-1D1579DFE88C}.Release|iPhoneSimulator.Deploy.0 = Release|Any CPU
		{5942E82F-E8A8-4258-BDAB-C954297A20F4}.Ad-Hoc|Any CPU.ActiveCfg = Debug|Any CPU
		{5942E82F-E8A8-4258-BDAB-C954297A20F4}.Ad-Hoc|Any CPU.Build.0 = Debug|Any CPU
		{5942E82F-E8A8-4258-BDAB-C954297A20F4}.Ad-Hoc|iPhone.ActiveCfg = Debug|Any CPU
		{5942E82F-E8A8-4258-BDAB-C954297A20F4}.Ad-Hoc|iPhone.Build.0 = Debug|Any CPU
		{5942E82F-E8A8-4258-BDAB-C954297A20F4}.Ad-Hoc|iPhoneSimulator.ActiveCfg = Debug|Any CPU
		{5942E82F-E8A8-4258-BDAB-C954297A20F4}.Ad-Hoc|iPhoneSimulator.Build.0 = Debug|Any CPU
		{5942E82F-E8A8-4258-BDAB-C954297A20F4}.AppStore|Any CPU.ActiveCfg = Debug|Any CPU
		{5942E82F-E8A8-4258-BDAB-C954297A20F4}.AppStore|Any CPU.Build.0 = Debug|Any CPU
		{5942E82F-E8A8-4258-BDAB-C954297A20F4}.AppStore|iPhone.ActiveCfg = Debug|Any CPU
		{5942E82F-E8A8-4258-BDAB-C954297A20F4}.AppStore|iPhone.Build.0 = Debug|Any CPU
		{5942E82F-E8A8-4258-BDAB-C954297A20F4}.AppStore|iPhoneSimulator.ActiveCfg = Debug|Any CPU
		{5942E82F-E8A8-4258-BDAB-C954297A20F4}.AppStore|iPhoneSimulator.Build.0 = Debug|Any CPU
		{5942E82F-E8A8-4258-BDAB-C954297A20F4}.Debug|Any CPU.ActiveCfg = Debug|Any CPU
		{5942E82F-E8A8-4258-BDAB-C954297A20F4}.Debug|Any CPU.Build.0 = Debug|Any CPU
		{5942E82F-E8A8-4258-BDAB-C954297A20F4}.Debug|iPhone.ActiveCfg = Debug|Any CPU
		{5942E82F-E8A8-4258-BDAB-C954297A20F4}.Debug|iPhone.Build.0 = Debug|Any CPU
		{5942E82F-E8A8-4258-BDAB-C954297A20F4}.Debug|iPhoneSimulator.ActiveCfg = Debug|Any CPU
		{5942E82F-E8A8-4258-BDAB-C954297A20F4}.Debug|iPhoneSimulator.Build.0 = Debug|Any CPU
		{5942E82F-E8A8-4258-BDAB-C954297A20F4}.Release|Any CPU.ActiveCfg = Release|Any CPU
		{5942E82F-E8A8-4258-BDAB-C954297A20F4}.Release|Any CPU.Build.0 = Release|Any CPU
		{5942E82F-E8A8-4258-BDAB-C954297A20F4}.Release|iPhone.ActiveCfg = Release|Any CPU
		{5942E82F-E8A8-4258-BDAB-C954297A20F4}.Release|iPhone.Build.0 = Release|Any CPU
		{5942E82F-E8A8-4258-BDAB-C954297A20F4}.Release|iPhoneSimulator.ActiveCfg = Release|Any CPU
		{5942E82F-E8A8-4258-BDAB-C954297A20F4}.Release|iPhoneSimulator.Build.0 = Release|Any CPU
	EndGlobalSection
	GlobalSection(SolutionProperties) = preSolution
		HideSolutionNode = FALSE
	EndGlobalSection
	GlobalSection(ExtensibilityGlobals) = postSolution
		SolutionGuid = {A9414551-7DAF-492F-A660-2FF84E68AD27}
	EndGlobalSection
EndGlobal
